// !$*UTF8*$!
{
	archiveVersion = 1;
	classes = {
	};
	objectVersion = 48;
	objects = {

/* Begin PBXBuildFile section */
		7C759A5B205F01DB00F097A7 /* FlyawayCardBehavior.swift in Sources */ = {isa = PBXBuildFile; fileRef = 7C759A5A205F01DB00F097A7 /* FlyawayCardBehavior.swift */; };
		7C767D03205D8EBB0091F707 /* DeckView.swift in Sources */ = {isa = PBXBuildFile; fileRef = 7C767D02205D8EBB0091F707 /* DeckView.swift */; };
		7CB0992A2094BA0600B675A6 /* Assets.xcassets in Resources */ = {isa = PBXBuildFile; fileRef = 7CB099292094BA0600B675A6 /* Assets.xcassets */; };
		7CDDD0FB2054C0A0003AB0D7 /* SetViewController.swift in Sources */ = {isa = PBXBuildFile; fileRef = 7CDDD0FA2054C0A0003AB0D7 /* SetViewController.swift */; };
		7CDDD0FE2054C16E003AB0D7 /* CardView.swift in Sources */ = {isa = PBXBuildFile; fileRef = 7CDDD0FC2054C16E003AB0D7 /* CardView.swift */; };
		7CDDD0FF2054C16E003AB0D7 /* ShapeView.swift in Sources */ = {isa = PBXBuildFile; fileRef = 7CDDD0FD2054C16E003AB0D7 /* ShapeView.swift */; };
		7CDDD1032054C182003AB0D7 /* Card.swift in Sources */ = {isa = PBXBuildFile; fileRef = 7CDDD1012054C182003AB0D7 /* Card.swift */; };
		7CDDD1072055D459003AB0D7 /* SetGame.swift in Sources */ = {isa = PBXBuildFile; fileRef = 7CDDD1062055D459003AB0D7 /* SetGame.swift */; };
		7CFA509E20548ED600B27025 /* AppDelegate.swift in Sources */ = {isa = PBXBuildFile; fileRef = 7CFA509D20548ED600B27025 /* AppDelegate.swift */; };
		7CFA50A820548ED600B27025 /* LaunchScreen.storyboard in Resources */ = {isa = PBXBuildFile; fileRef = 7CFA50A620548ED600B27025 /* LaunchScreen.storyboard */; };
		7CFA50CF20548FEE00B27025 /* Main.storyboard in Resources */ = {isa = PBXBuildFile; fileRef = 7CFA50C720548FEE00B27025 /* Main.storyboard */; };
		7CFA50D52054906500B27025 /* Grid.swift in Sources */ = {isa = PBXBuildFile; fileRef = 7CFA50D42054906500B27025 /* Grid.swift */; };
/* End PBXBuildFile section */

/* Begin PBXFileReference section */
		7C759A5A205F01DB00F097A7 /* FlyawayCardBehavior.swift */ = {isa = PBXFileReference; lastKnownFileType = sourcecode.swift; path = FlyawayCardBehavior.swift; sourceTree = "<group>"; };
		7C767D02205D8EBB0091F707 /* DeckView.swift */ = {isa = PBXFileReference; lastKnownFileType = sourcecode.swift; path = DeckView.swift; sourceTree = "<group>"; };
		7CB099292094BA0600B675A6 /* Assets.xcassets */ = {isa = PBXFileReference; lastKnownFileType = folder.assetcatalog; path = Assets.xcassets; sourceTree = "<group>"; };
		7CDDD0FA2054C0A0003AB0D7 /* SetViewController.swift */ = {isa = PBXFileReference; lastKnownFileType = sourcecode.swift; name = SetViewController.swift; path = "Animated Set/Controllers/SetViewController.swift"; sourceTree = SOURCE_ROOT; };
		7CDDD0FC2054C16E003AB0D7 /* CardView.swift */ = {isa = PBXFileReference; fileEncoding = 4; lastKnownFileType = sourcecode.swift; name = CardView.swift; path = "../../../Graphical Set/Graphical Set/Views/CardView.swift"; sourceTree = "<group>"; };
		7CDDD0FD2054C16E003AB0D7 /* ShapeView.swift */ = {isa = PBXFileReference; fileEncoding = 4; lastKnownFileType = sourcecode.swift; name = ShapeView.swift; path = "../../../Graphical Set/Graphical Set/Views/ShapeView.swift"; sourceTree = "<group>"; };
		7CDDD1012054C182003AB0D7 /* Card.swift */ = {isa = PBXFileReference; fileEncoding = 4; lastKnownFileType = sourcecode.swift; name = Card.swift; path = "../../../Graphical Set/Graphical Set/Model/Card.swift"; sourceTree = "<group>"; };
		7CDDD1062055D459003AB0D7 /* SetGame.swift */ = {isa = PBXFileReference; lastKnownFileType = sourcecode.swift; path = SetGame.swift; sourceTree = "<group>"; };
		7CFA509A20548ED600B27025 /* Animated Set.app */ = {isa = PBXFileReference; explicitFileType = wrapper.application; includeInIndex = 0; path = "Animated Set.app"; sourceTree = BUILT_PRODUCTS_DIR; };
		7CFA509D20548ED600B27025 /* AppDelegate.swift */ = {isa = PBXFileReference; lastKnownFileType = sourcecode.swift; path = AppDelegate.swift; sourceTree = "<group>"; };
		7CFA50A720548ED600B27025 /* Base */ = {isa = PBXFileReference; lastKnownFileType = file.storyboard; name = Base; path = Base.lproj/LaunchScreen.storyboard; sourceTree = "<group>"; };
		7CFA50A920548ED600B27025 /* Info.plist */ = {isa = PBXFileReference; lastKnownFileType = text.plist.xml; path = Info.plist; sourceTree = "<group>"; };
		7CFA50C720548FEE00B27025 /* Main.storyboard */ = {isa = PBXFileReference; fileEncoding = 4; lastKnownFileType = file.storyboard; path = Main.storyboard; sourceTree = "<group>"; };
		7CFA50D42054906500B27025 /* Grid.swift */ = {isa = PBXFileReference; fileEncoding = 4; lastKnownFileType = sourcecode.swift; path = Grid.swift; sourceTree = "<group>"; };
/* End PBXFileReference section */

/* Begin PBXFrameworksBuildPhase section */
		7CFA509720548ED600B27025 /* Frameworks */ = {
			isa = PBXFrameworksBuildPhase;
			buildActionMask = 2147483647;
			files = (
			);
			runOnlyForDeploymentPostprocessing = 0;
		};
/* End PBXFrameworksBuildPhase section */

/* Begin PBXGroup section */
		7CFA509120548ED500B27025 = {
			isa = PBXGroup;
			children = (
				7CFA509C20548ED600B27025 /* Animated Set */,
				7CFA509B20548ED600B27025 /* Products */,
			);
			sourceTree = "<group>";
		};
		7CFA509B20548ED600B27025 /* Products */ = {
			isa = PBXGroup;
			children = (
				7CFA509A20548ED600B27025 /* Animated Set.app */,
			);
			name = Products;
			sourceTree = "<group>";
		};
		7CFA509C20548ED600B27025 /* Animated Set */ = {
			isa = PBXGroup;
			children = (
				7CFA50C520548FEE00B27025 /* Controllers */,
				7CFA50C820548FEE00B27025 /* Model */,
				7CFA50CB20548FEE00B27025 /* Views */,
				7CFA50C220548F4F00B27025 /* Supporting Files */,
				7CFA50C720548FEE00B27025 /* Main.storyboard */,
				7CFA50A920548ED600B27025 /* Info.plist */,
			);
			path = "Animated Set";
			sourceTree = "<group>";
		};
		7CFA50C220548F4F00B27025 /* Supporting Files */ = {
			isa = PBXGroup;
			children = (
				7CFA509D20548ED600B27025 /* AppDelegate.swift */,
				7CFA50D42054906500B27025 /* Grid.swift */,
				7C759A5A205F01DB00F097A7 /* FlyawayCardBehavior.swift */,
				7CB099292094BA0600B675A6 /* Assets.xcassets */,
				7CFA50A620548ED600B27025 /* LaunchScreen.storyboard */,
			);
			path = "Supporting Files";
			sourceTree = "<group>";
		};
		7CFA50C520548FEE00B27025 /* Controllers */ = {
			isa = PBXGroup;
			children = (
				7CDDD0FA2054C0A0003AB0D7 /* SetViewController.swift */,
			);
			name = Controllers;
			path = "../../Graphical Set/Graphical Set/Controllers";
			sourceTree = "<group>";
		};
		7CFA50C820548FEE00B27025 /* Model */ = {
			isa = PBXGroup;
			children = (
				7CDDD1012054C182003AB0D7 /* Card.swift */,
				7CDDD1062055D459003AB0D7 /* SetGame.swift */,
			);
			path = Model;
			sourceTree = "<group>";
		};
		7CFA50CB20548FEE00B27025 /* Views */ = {
			isa = PBXGroup;
			children = (
				7CDDD0FC2054C16E003AB0D7 /* CardView.swift */,
				7CDDD0FD2054C16E003AB0D7 /* ShapeView.swift */,
				7C767D02205D8EBB0091F707 /* DeckView.swift */,
			);
			path = Views;
			sourceTree = "<group>";
		};
/* End PBXGroup section */

/* Begin PBXNativeTarget section */
		7CFA509920548ED600B27025 /* Animated Set */ = {
			isa = PBXNativeTarget;
			buildConfigurationList = 7CFA50AC20548ED600B27025 /* Build configuration list for PBXNativeTarget "Animated Set" */;
			buildPhases = (
				7CFA509620548ED600B27025 /* Sources */,
				7CFA509720548ED600B27025 /* Frameworks */,
				7CFA509820548ED600B27025 /* Resources */,
			);
			buildRules = (
			);
			dependencies = (
			);
			name = "Animated Set";
			productName = "Animated Set";
			productReference = 7CFA509A20548ED600B27025 /* Animated Set.app */;
			productType = "com.apple.product-type.application";
		};
/* End PBXNativeTarget section */

/* Begin PBXProject section */
		7CFA509220548ED500B27025 /* Project object */ = {
			isa = PBXProject;
			attributes = {
				LastSwiftUpdateCheck = 0920;
				LastUpgradeCheck = 0920;
				ORGANIZATIONNAME = "Oleg Gnashuk";
				TargetAttributes = {
					7CFA509920548ED600B27025 = {
						CreatedOnToolsVersion = 9.2;
						ProvisioningStyle = Automatic;
					};
				};
			};
			buildConfigurationList = 7CFA509520548ED500B27025 /* Build configuration list for PBXProject "Animated Set" */;
			compatibilityVersion = "Xcode 8.0";
			developmentRegion = en;
			hasScannedForEncodings = 0;
			knownRegions = (
				en,
				Base,
			);
			mainGroup = 7CFA509120548ED500B27025;
			productRefGroup = 7CFA509B20548ED600B27025 /* Products */;
			projectDirPath = "";
			projectRoot = "";
			targets = (
				7CFA509920548ED600B27025 /* Animated Set */,
			);
		};
/* End PBXProject section */

/* Begin PBXResourcesBuildPhase section */
		7CFA509820548ED600B27025 /* Resources */ = {
			isa = PBXResourcesBuildPhase;
			buildActionMask = 2147483647;
			files = (
				7CFA50CF20548FEE00B27025 /* Main.storyboard in Resources */,
				7CB0992A2094BA0600B675A6 /* Assets.xcassets in Resources */,
				7CFA50A820548ED600B27025 /* LaunchScreen.storyboard in Resources */,
			);
			runOnlyForDeploymentPostprocessing = 0;
		};
/* End PBXResourcesBuildPhase section */

/* Begin PBXSourcesBuildPhase section */
		7CFA509620548ED600B27025 /* Sources */ = {
			isa = PBXSourcesBuildPhase;
			buildActionMask = 2147483647;
			files = (
				7CDDD0FF2054C16E003AB0D7 /* ShapeView.swift in Sources */,
				7CFA509E20548ED600B27025 /* AppDelegate.swift in Sources */,
				7CDDD1032054C182003AB0D7 /* Card.swift in Sources */,
				7C759A5B205F01DB00F097A7 /* FlyawayCardBehavior.swift in Sources */,
				7C767D03205D8EBB0091F707 /* DeckView.swift in Sources */,
				7CDDD0FB2054C0A0003AB0D7 /* SetViewController.swift in Sources */,
				7CDDD0FE2054C16E003AB0D7 /* CardView.swift in Sources */,
				7CFA50D52054906500B27025 /* Grid.swift in Sources */,
				7CDDD1072055D459003AB0D7 /* SetGame.swift in Sources */,
			);
			runOnlyForDeploymentPostprocessing = 0;
		};
/* End PBXSourcesBuildPhase section */

/* Begin PBXVariantGroup section */
		7CFA50A620548ED600B27025 /* LaunchScreen.storyboard */ = {
			isa = PBXVariantGroup;
			children = (
				7CFA50A720548ED600B27025 /* Base */,
			);
			name = LaunchScreen.storyboard;
			sourceTree = "<group>";
		};
/* End PBXVariantGroup section */

/* Begin XCBuildConfiguration section */
		7CFA50AA20548ED600B27025 /* Debug */ = {
			isa = XCBuildConfiguration;
			buildSettings = {
				ALWAYS_SEARCH_USER_PATHS = NO;
				CLANG_ANALYZER_NONNULL = YES;
				CLANG_ANALYZER_NUMBER_OBJECT_CONVERSION = YES_AGGRESSIVE;
				CLANG_CXX_LANGUAGE_STANDARD = "gnu++14";
				CLANG_CXX_LIBRARY = "libc++";
				CLANG_ENABLE_MODULES = YES;
				CLANG_ENABLE_OBJC_ARC = YES;
				CLANG_WARN_BLOCK_CAPTURE_AUTORELEASING = YES;
				CLANG_WARN_BOOL_CONVERSION = YES;
				CLANG_WARN_COMMA = YES;
				CLANG_WARN_CONSTANT_CONVERSION = YES;
				CLANG_WARN_DIRECT_OBJC_ISA_USAGE = YES_ERROR;
				CLANG_WARN_DOCUMENTATION_COMMENTS = YES;
				CLANG_WARN_EMPTY_BODY = YES;
				CLANG_WARN_ENUM_CONVERSION = YES;
				CLANG_WARN_INFINITE_RECURSION = YES;
				CLANG_WARN_INT_CONVERSION = YES;
				CLANG_WARN_NON_LITERAL_NULL_CONVERSION = YES;
				CLANG_WARN_OBJC_LITERAL_CONVERSION = YES;
				CLANG_WARN_OBJC_ROOT_CLASS = YES_ERROR;
				CLANG_WARN_RANGE_LOOP_ANALYSIS = YES;
				CLANG_WARN_STRICT_PROTOTYPES = YES;
				CLANG_WARN_SUSPICIOUS_MOVE = YES;
				CLANG_WARN_UNGUARDED_AVAILABILITY = YES_AGGRESSIVE;
				CLANG_WARN_UNREACHABLE_CODE = YES;
				CLANG_WARN__DUPLICATE_METHOD_MATCH = YES;
				CODE_SIGN_IDENTITY = "iPhone Developer";
				COPY_PHASE_STRIP = NO;
				DEBUG_INFORMATION_FORMAT = dwarf;
				ENABLE_STRICT_OBJC_MSGSEND = YES;
				ENABLE_TESTABILITY = YES;
				GCC_C_LANGUAGE_STANDARD = gnu11;
				GCC_DYNAMIC_NO_PIC = NO;
				GCC_NO_COMMON_BLOCKS = YES;
				GCC_OPTIMIZATION_LEVEL = 0;
				GCC_PREPROCESSOR_DEFINITIONS = (
					"DEBUG=1",
					"$(inherited)",
				);
				GCC_WARN_64_TO_32_BIT_CONVERSION = YES;
				GCC_WARN_ABOUT_RETURN_TYPE = YES_ERROR;
				GCC_WARN_UNDECLARED_SELECTOR = YES;
				GCC_WARN_UNINITIALIZED_AUTOS = YES_AGGRESSIVE;
				GCC_WARN_UNUSED_FUNCTION = YES;
				GCC_WARN_UNUSED_VARIABLE = YES;
				IPHONEOS_DEPLOYMENT_TARGET = 11.2;
				MTL_ENABLE_DEBUG_INFO = YES;
				ONLY_ACTIVE_ARCH = YES;
				SDKROOT = iphoneos;
				SWIFT_ACTIVE_COMPILATION_CONDITIONS = DEBUG;
				SWIFT_OPTIMIZATION_LEVEL = "-Onone";
			};
			name = Debug;
		};
		7CFA50AB20548ED600B27025 /* Release */ = {
			isa = XCBuildConfiguration;
			buildSettings = {
				ALWAYS_SEARCH_USER_PATHS = NO;
				CLANG_ANALYZER_NONNULL = YES;
				CLANG_ANALYZER_NUMBER_OBJECT_CONVERSION = YES_AGGRESSIVE;
				CLANG_CXX_LANGUAGE_STANDARD = "gnu++14";
				CLANG_CXX_LIBRARY = "libc++";
				CLANG_ENABLE_MODULES = YES;
				CLANG_ENABLE_OBJC_ARC = YES;
				CLANG_WARN_BLOCK_CAPTURE_AUTORELEASING = YES;
				CLANG_WARN_BOOL_CONVERSION = YES;
				CLANG_WARN_COMMA = YES;
				CLANG_WARN_CONSTANT_CONVERSION = YES;
				CLANG_WARN_DIRECT_OBJC_ISA_USAGE = YES_ERROR;
				CLANG_WARN_DOCUMENTATION_COMMENTS = YES;
				CLANG_WARN_EMPTY_BODY = YES;
				CLANG_WARN_ENUM_CONVERSION = YES;
				CLANG_WARN_INFINITE_RECURSION = YES;
				CLANG_WARN_INT_CONVERSION = YES;
				CLANG_WARN_NON_LITERAL_NULL_CONVERSION = YES;
				CLANG_WARN_OBJC_LITERAL_CONVERSION = YES;
				CLANG_WARN_OBJC_ROOT_CLASS = YES_ERROR;
				CLANG_WARN_RANGE_LOOP_ANALYSIS = YES;
				CLANG_WARN_STRICT_PROTOTYPES = YES;
				CLANG_WARN_SUSPICIOUS_MOVE = YES;
				CLANG_WARN_UNGUARDED_AVAILABILITY = YES_AGGRESSIVE;
				CLANG_WARN_UNREACHABLE_CODE = YES;
				CLANG_WARN__DUPLICATE_METHOD_MATCH = YES;
				CODE_SIGN_IDENTITY = "iPhone Developer";
				COPY_PHASE_STRIP = NO;
				DEBUG_INFORMATION_FORMAT = "dwarf-with-dsym";
				ENABLE_NS_ASSERTIONS = NO;
				ENABLE_STRICT_OBJC_MSGSEND = YES;
				GCC_C_LANGUAGE_STANDARD = gnu11;
				GCC_NO_COMMON_BLOCKS = YES;
				GCC_WARN_64_TO_32_BIT_CONVERSION = YES;
				GCC_WARN_ABOUT_RETURN_TYPE = YES_ERROR;
				GCC_WARN_UNDECLARED_SELECTOR = YES;
				GCC_WARN_UNINITIALIZED_AUTOS = YES_AGGRESSIVE;
				GCC_WARN_UNUSED_FUNCTION = YES;
				GCC_WARN_UNUSED_VARIABLE = YES;
				IPHONEOS_DEPLOYMENT_TARGET = 11.2;
				MTL_ENABLE_DEBUG_INFO = NO;
				SDKROOT = iphoneos;
				SWIFT_OPTIMIZATION_LEVEL = "-Owholemodule";
				VALIDATE_PRODUCT = YES;
			};
			name = Release;
		};
		7CFA50AD20548ED600B27025 /* Debug */ = {
			isa = XCBuildConfiguration;
			buildSettings = {
				ASSETCATALOG_COMPILER_APPICON_NAME = AppIcon;
				CODE_SIGN_STYLE = Automatic;
				DEVELOPMENT_TEAM = NR9LZ3ALZE;
				INFOPLIST_FILE = "Animated Set/Info.plist";
				LD_RUNPATH_SEARCH_PATHS = "$(inherited) @executable_path/Frameworks";
				PRODUCT_BUNDLE_IDENTIFIER = "com.gnashuk.oleg.Animated-Set";
				PRODUCT_NAME = "$(TARGET_NAME)";
				SWIFT_VERSION = 4.0;
				TARGETED_DEVICE_FAMILY = "1,2";
			};
			name = Debug;
		};
		7CFA50AE20548ED600B27025 /* Release */ = {
			isa = XCBuildConfiguration;
			buildSettings = {
				ASSETCATALOG_COMPILER_APPICON_NAME = AppIcon;
				CODE_SIGN_STYLE = Automatic;
				DEVELOPMENT_TEAM = NR9LZ3ALZE;
				INFOPLIST_FILE = "Animated Set/Info.plist";
				LD_RUNPATH_SEARCH_PATHS = "$(inherited) @executable_path/Frameworks";
				PRODUCT_BUNDLE_IDENTIFIER = "com.gnashuk.oleg.Animated-Set";
				PRODUCT_NAME = "$(TARGET_NAME)";
				SWIFT_VERSION = 4.0;
				TARGETED_DEVICE_FAMILY = "1,2";
			};
			name = Release;
		};
/* End XCBuildConfiguration section */

/* Begin XCConfigurationList section */
		7CFA509520548ED500B27025 /* Build configuration list for PBXProject "Animated Set" */ = {
			isa = XCConfigurationList;
			buildConfigurations = (
				7CFA50AA20548ED600B27025 /* Debug */,
				7CFA50AB20548ED600B27025 /* Release */,
			);
			defaultConfigurationIsVisible = 0;
			defaultConfigurationName = Release;
		};
		7CFA50AC20548ED600B27025 /* Build configuration list for PBXNativeTarget "Animated Set" */ = {
			isa = XCConfigurationList;
			buildConfigurations = (
				7CFA50AD20548ED600B27025 /* Debug */,
				7CFA50AE20548ED600B27025 /* Release */,
			);
			defaultConfigurationIsVisible = 0;
			defaultConfigurationName = Release;
		};
/* End XCConfigurationList section */
	};
	rootObject = 7CFA509220548ED500B27025 /* Project object */;
}
